
Microsoft Visual Studio Solution File, Format Version 12.00
# Visual Studio Version 16
VisualStudioVersion = 16.0.33130.400
MinimumVisualStudioVersion = 10.0.40219.1
Project("{FAE04EC0-301F-11D3-BF4B-00C04F79EFBC}") = "magick-batch", "magick-batch\magick-batch.csproj", "{BFE02AFD-2B98-45AE-8231-2365A1E35768}"
EndProject
Project("{FAE04EC0-301F-11D3-BF4B-00C04F79EFBC}") = "magick-batch-framework-console", "magick-batch-framework-console\magick-batch-framework-console.csproj", "{FE989BFB-6B28-4C9C-8EEE-0CD4EC3C4952}"
EndProject
Global
	GlobalSection(SolutionConfigurationPlatforms) = preSolution
		Debug|Any CPU = Debug|Any CPU
		Release|Any CPU = Release|Any CPU
	EndGlobalSection
	GlobalSection(ProjectConfigurationPlatforms) = postSolution
		{BFE02AFD-2B98-45AE-8231-2365A1E35768}.Debug|Any CPU.ActiveCfg = Debug|Any CPU
		{BFE02AFD-2B98-45AE-8231-2365A1E35768}.Debug|Any CPU.Build.0 = Debug|Any CPU
		{BFE02AFD-2B98-45AE-8231-2365A1E35768}.Release|Any CPU.ActiveCfg = Release|Any CPU
		{BFE02AFD-2B98-45AE-8231-2365A1E35768}.Release|Any CPU.Build.0 = Release|Any CPU
		{FE989BFB-6B28-4C9C-8EEE-0CD4EC3C4952}.Debug|Any CPU.ActiveCfg = Debug|Any CPU
		{FE989BFB-6B28-4C9C-8EEE-0CD4EC3C4952}.Debug|Any CPU.Build.0 = Debug|Any CPU
		{FE989BFB-6B28-4C9C-8EEE-0CD4EC3C4952}.Release|Any CPU.ActiveCfg = Release|Any CPU
		{FE989BFB-6B28-4C9C-8EEE-0CD4EC3C4952}.Release|Any CPU.Build.0 = Release|Any CPU
	EndGlobalSection
	GlobalSection(SolutionProperties) = preSolution
		HideSolutionNode = FALSE
	EndGlobalSection
	GlobalSection(ExtensibilityGlobals) = postSolution
		SolutionGuid = {50C57223-7147-4DA7-964B-DBA0C71B3316}
	EndGlobalSection
EndGlobal
